// !$*UTF8*$!
{
	archiveVersion = 1;
	classes = {
	};
	objectVersion = 46;
	objects = {

/* Begin PBXBuildFile section */
		CC107BBC1C7176DE00E6950D /* AppDelegate.swift in Sources */ = {isa = PBXBuildFile; fileRef = CC107BBB1C7176DE00E6950D /* AppDelegate.swift */; };
		CC107BBE1C7176DE00E6950D /* ViewController.swift in Sources */ = {isa = PBXBuildFile; fileRef = CC107BBD1C7176DE00E6950D /* ViewController.swift */; };
		CC107BC11C7176DF00E6950D /* Main.storyboard in Resources */ = {isa = PBXBuildFile; fileRef = CC107BBF1C7176DF00E6950D /* Main.storyboard */; };
		CC107BC31C7176DF00E6950D /* Assets.xcassets in Resources */ = {isa = PBXBuildFile; fileRef = CC107BC21C7176DF00E6950D /* Assets.xcassets */; };
		CC107BC61C7176DF00E6950D /* LaunchScreen.storyboard in Resources */ = {isa = PBXBuildFile; fileRef = CC107BC41C7176DF00E6950D /* LaunchScreen.storyboard */; };
/* End PBXBuildFile section */

/* Begin PBXFileReference section */
		CC107BB81C7176DE00E6950D /* Twitter.app */ = {isa = PBXFileReference; explicitFileType = wrapper.application; includeInIndex = 0; path = Twitter.app; sourceTree = BUILT_PRODUCTS_DIR; };
		CC107BBB1C7176DE00E6950D /* AppDelegate.swift */ = {isa = PBXFileReference; lastKnownFileType = sourcecode.swift; path = AppDelegate.swift; sourceTree = "<group>"; };
		CC107BBD1C7176DE00E6950D /* ViewController.swift */ = {isa = PBXFileReference; lastKnownFileType = sourcecode.swift; path = ViewController.swift; sourceTree = "<group>"; };
		CC107BC01C7176DF00E6950D /* Base */ = {isa = PBXFileReference; lastKnownFileType = file.storyboard; name = Base; path = Base.lproj/Main.storyboard; sourceTree = "<group>"; };
		CC107BC21C7176DF00E6950D /* Assets.xcassets */ = {isa = PBXFileReference; lastKnownFileType = folder.assetcatalog; path = Assets.xcassets; sourceTree = "<group>"; };
		CC107BC51C7176DF00E6950D /* Base */ = {isa = PBXFileReference; lastKnownFileType = file.storyboard; name = Base; path = Base.lproj/LaunchScreen.storyboard; sourceTree = "<group>"; };
		CC107BC71C7176DF00E6950D /* Info.plist */ = {isa = PBXFileReference; lastKnownFileType = text.plist.xml; path = Info.plist; sourceTree = "<group>"; };
/* End PBXFileReference section */

/* Begin PBXFrameworksBuildPhase section */
		CC107BB51C7176DE00E6950D /* Frameworks */ = {
			isa = PBXFrameworksBuildPhase;
			buildActionMask = 2147483647;
			files = (
			);
			runOnlyForDeploymentPostprocessing = 0;
		};
/* End PBXFrameworksBuildPhase section */

/* Begin PBXGroup section */
		CC107BAF1C7176DE00E6950D = {
			isa = PBXGroup;
			children = (
				CC107BBA1C7176DE00E6950D /* Twitter */,
				CC107BB91C7176DE00E6950D /* Products */,
			);
			sourceTree = "<group>";
		};
		CC107BB91C7176DE00E6950D /* Products */ = {
			isa = PBXGroup;
			children = (
				CC107BB81C7176DE00E6950D /* Twitter.app */,
			);
			name = Products;
			sourceTree = "<group>";
		};
		CC107BBA1C7176DE00E6950D /* Twitter */ = {
			isa = PBXGroup;
			children = (
				CC107BBB1C7176DE00E6950D /* AppDelegate.swift */,
				CC107BBD1C7176DE00E6950D /* ViewController.swift */,
				CC107BBF1C7176DF00E6950D /* Main.storyboard */,
				CC107BC21C7176DF00E6950D /* Assets.xcassets */,
				CC107BC41C7176DF00E6950D /* LaunchScreen.storyboard */,
				CC107BC71C7176DF00E6950D /* Info.plist */,
			);
			path = Twitter;
			sourceTree = "<group>";
		};
/* End PBXGroup section */

/* Begin PBXNativeTarget section */
		CC107BB71C7176DE00E6950D /* Twitter */ = {
			isa = PBXNativeTarget;
			buildConfigurationList = CC107BCA1C7176DF00E6950D /* Build configuration list for PBXNativeTarget "Twitter" */;
			buildPhases = (
				CC107BB41C7176DE00E6950D /* Sources */,
				CC107BB51C7176DE00E6950D /* Frameworks */,
				CC107BB61C7176DE00E6950D /* Resources */,
			);
			buildRules = (
			);
			dependencies = (
			);
			name = Twitter;
			productName = Twitter;
			productReference = CC107BB81C7176DE00E6950D /* Twitter.app */;
			productType = "com.apple.product-type.application";
		};
/* End PBXNativeTarget section */

/* Begin PBXProject section */
		CC107BB01C7176DE00E6950D /* Project object */ = {
			isa = PBXProject;
			attributes = {
				LastSwiftUpdateCheck = 0720;
				LastUpgradeCheck = 0720;
				ORGANIZATIONNAME = "Allison Martin";
				TargetAttributes = {
					CC107BB71C7176DE00E6950D = {
						CreatedOnToolsVersion = 7.2;
					};
				};
			};
			buildConfigurationList = CC107BB31C7176DE00E6950D /* Build configuration list for PBXProject "Twitter" */;
			compatibilityVersion = "Xcode 3.2";
			developmentRegion = English;
			hasScannedForEncodings = 0;
			knownRegions = (
				en,
				Base,
			);
			mainGroup = CC107BAF1C7176DE00E6950D;
			productRefGroup = CC107BB91C7176DE00E6950D /* Products */;
			projectDirPath = "";
			projectRoot = "";
			targets = (
				CC107BB71C7176DE00E6950D /* Twitter */,
			);
		};
/* End PBXProject section */

/* Begin PBXResourcesBuildPhase section */
		CC107BB61C7176DE00E6950D /* Resources */ = {
			isa = PBXResourcesBuildPhase;
			buildActionMask = 2147483647;
			files = (
				CC107BC61C7176DF00E6950D /* LaunchScreen.storyboard in Resources */,
				CC107BC31C7176DF00E6950D /* Assets.xcassets in Resources */,
				CC107BC11C7176DF00E6950D /* Main.storyboard in Resources */,
			);
			runOnlyForDeploymentPostprocessing = 0;
		};
/* End PBXResourcesBuildPhase section */

/* Begin PBXSourcesBuildPhase section */
		CC107BB41C7176DE00E6950D /* Sources */ = {
			isa = PBXSourcesBuildPhase;
			buildActionMask = 2147483647;
			files = (
				CC107BBE1C7176DE00E6950D /* ViewController.swift in Sources */,
				CC107BBC1C7176DE00E6950D /* AppDelegate.swift in Sources */,
			);
			runOnlyForDeploymentPostprocessing = 0;
		};
/* End PBXSourcesBuildPhase section */

/* Begin PBXVariantGroup section */
		CC107BBF1C7176DF00E6950D /* Main.storyboard */ = {
			isa = PBXVariantGroup;
			children = (
				CC107BC01C7176DF00E6950D /* Base */,
			);
			name = Main.storyboard;
			sourceTree = "<group>";
		};
		CC107BC41C7176DF00E6950D /* LaunchScreen.storyboard */ = {
			isa = PBXVariantGroup;
			children = (
				CC107BC51C7176DF00E6950D /* Base */,
			);
			name = LaunchScreen.storyboard;
			sourceTree = "<group>";
		};
/* End PBXVariantGroup section */

/* Begin XCBuildConfiguration section */
		CC107BC81C7176DF00E6950D /* Debug */ = {
			isa = XCBuildConfiguration;
			buildSettings = {
				ALWAYS_SEARCH_USER_PATHS = NO;
				CLANG_CXX_LANGUAGE_STANDARD = "gnu++0x";
				CLANG_CXX_LIBRARY = "libc++";
				CLANG_ENABLE_MODULES = YES;
				CLANG_ENABLE_OBJC_ARC = YES;
				CLANG_WARN_BOOL_CONVERSION = YES;
				CLANG_WARN_CONSTANT_CONVERSION = YES;
				CLANG_WARN_DIRECT_OBJC_ISA_USAGE = YES_ERROR;
				CLANG_WARN_EMPTY_BODY = YES;
				CLANG_WARN_ENUM_CONVERSION = YES;
				CLANG_WARN_INT_CONVERSION = YES;
				CLANG_WARN_OBJC_ROOT_CLASS = YES_ERROR;
				CLANG_WARN_UNREACHABLE_CODE = YES;
				CLANG_WARN__DUPLICATE_METHOD_MATCH = YES;
				"CODE_SIGN_IDENTITY[sdk=iphoneos*]" = "iPhone Developer";
				COPY_PHASE_STRIP = NO;
				DEBUG_INFORMATION_FORMAT = dwarf;
				ENABLE_STRICT_OBJC_MSGSEND = YES;
				ENABLE_TESTABILITY = YES;
				GCC_C_LANGUAGE_STANDARD = gnu99;
				GCC_DYNAMIC_NO_PIC = NO;
				GCC_NO_COMMON_BLOCKS = YES;
				GCC_OPTIMIZATION_LEVEL = 0;
				GCC_PREPROCESSOR_DEFINITIONS = (
					"DEBUG=1",
					"$(inherited)",
				);
				GCC_WARN_64_TO_32_BIT_CONVERSION = YES;
				GCC_WARN_ABOUT_RETURN_TYPE = YES_ERROR;
				GCC_WARN_UNDECLARED_SELECTOR = YES;
				GCC_WARN_UNINITIALIZED_AUTOS = YES_AGGRESSIVE;
				GCC_WARN_UNUSED_FUNCTION = YES;
				GCC_WARN_UNUSED_VARIABLE = YES;
				IPHONEOS_DEPLOYMENT_TARGET = 9.2;
				MTL_ENABLE_DEBUG_INFO = YES;
				ONLY_ACTIVE_ARCH = YES;
				SDKROOT = iphoneos;
				SWIFT_OPTIMIZATION_LEVEL = "-Onone";
			};
			name = Debug;
		};
		CC107BC91C7176DF00E6950D /* Release */ = {
			isa = XCBuildConfiguration;
			buildSettings = {
				ALWAYS_SEARCH_USER_PATHS = NO;
				CLANG_CXX_LANGUAGE_STANDARD = "gnu++0x";
				CLANG_CXX_LIBRARY = "libc++";
				CLANG_ENABLE_MODULES = YES;
				CLANG_ENABLE_OBJC_ARC = YES;
				CLANG_WARN_BOOL_CONVERSION = YES;
				CLANG_WARN_CONSTANT_CONVERSION = YES;
				CLANG_WARN_DIRECT_OBJC_ISA_USAGE = YES_ERROR;
				CLANG_WARN_EMPTY_BODY = YES;
				CLANG_WARN_ENUM_CONVERSION = YES;
				CLANG_WARN_INT_CONVERSION = YES;
				CLANG_WARN_OBJC_ROOT_CLASS = YES_ERROR;
				CLANG_WARN_UNREACHABLE_CODE = YES;
				CLANG_WARN__DUPLICATE_METHOD_MATCH = YES;
				"CODE_SIGN_IDENTITY[sdk=iphoneos*]" = "iPhone Developer";
				COPY_PHASE_STRIP = NO;
				DEBUG_INFORMATION_FORMAT = "dwarf-with-dsym";
				ENABLE_NS_ASSERTIONS = NO;
				ENABLE_STRICT_OBJC_MSGSEND = YES;
				GCC_C_LANGUAGE_STANDARD = gnu99;
				GCC_NO_COMMON_BLOCKS = YES;
				GCC_WARN_64_TO_32_BIT_CONVERSION = YES;
				GCC_WARN_ABOUT_RETURN_TYPE = YES_ERROR;
				GCC_WARN_UNDECLARED_SELECTOR = YES;
				GCC_WARN_UNINITIALIZED_AUTOS = YES_AGGRESSIVE;
				GCC_WARN_UNUSED_FUNCTION = YES;
				GCC_WARN_UNUSED_VARIABLE = YES;
				IPHONEOS_DEPLOYMENT_TARGET = 9.2;
				MTL_ENABLE_DEBUG_INFO = NO;
				SDKROOT = iphoneos;
				VALIDATE_PRODUCT = YES;
			};
			name = Release;
		};
		CC107BCB1C7176DF00E6950D /* Debug */ = {
			isa = XCBuildConfiguration;
			buildSettings = {
				ASSETCATALOG_COMPILER_APPICON_NAME = AppIcon;
				INFOPLIST_FILE = Twitter/Info.plist;
				LD_RUNPATH_SEARCH_PATHS = "$(inherited) @executable_path/Frameworks";
				PRODUCT_BUNDLE_IDENTIFIER = com.codepath.Twitter;
				PRODUCT_NAME = "$(TARGET_NAME)";
			};
			name = Debug;
		};
		CC107BCC1C7176DF00E6950D /* Release */ = {
			isa = XCBuildConfiguration;
			buildSettings = {
				ASSETCATALOG_COMPILER_APPICON_NAME = AppIcon;
				INFOPLIST_FILE = Twitter/Info.plist;
				LD_RUNPATH_SEARCH_PATHS = "$(inherited) @executable_path/Frameworks";
				PRODUCT_BUNDLE_IDENTIFIER = com.codepath.Twitter;
				PRODUCT_NAME = "$(TARGET_NAME)";
			};
			name = Release;
		};
/* End XCBuildConfiguration section */

/* Begin XCConfigurationList section */
		CC107BB31C7176DE00E6950D /* Build configuration list for PBXProject "Twitter" */ = {
			isa = XCConfigurationList;
			buildConfigurations = (
				CC107BC81C7176DF00E6950D /* Debug */,
				CC107BC91C7176DF00E6950D /* Release */,
			);
			defaultConfigurationIsVisible = 0;
			defaultConfigurationName = Release;
		};
		CC107BCA1C7176DF00E6950D /* Build configuration list for PBXNativeTarget "Twitter" */ = {
			isa = XCConfigurationList;
			buildConfigurations = (
				CC107BCB1C7176DF00E6950D /* Debug */,
				CC107BCC1C7176DF00E6950D /* Release */,
			);
			defaultConfigurationIsVisible = 0;
		};
/* End XCConfigurationList section */
	};
	rootObject = CC107BB01C7176DE00E6950D /* Project object */;
}
